
Microsoft Visual Studio Solution File, Format Version 12.00
# Visual Studio 2013
VisualStudioVersion = 12.0.31101.0
MinimumVisualStudioVersion = 10.0.40219.1
Project("{8BC9CEB8-8B4A-11D0-8D11-00A0C91BC942}") = "openhid_tests", "openhid_tests\openhid_tests.vcxproj", "{A2F869AC-0269-4C61-B2D0-46E4BB6B2EDD}"
EndProject
Global
	GlobalSection(SolutionConfigurationPlatforms) = preSolution
		Debug|Win32 = Debug|Win32
		Debug|x64 = Debug|x64
		Release|Win32 = Release|Win32
		Release|x64 = Release|x64
	EndGlobalSection
	GlobalSection(ProjectConfigurationPlatforms) = postSolution
		{A2F869AC-0269-4C61-B2D0-46E4BB6B2EDD}.Debug|Win32.ActiveCfg = Debug|Win32
		{A2F869AC-0269-4C61-B2D0-46E4BB6B2EDD}.Debug|Win32.Build.0 = Debug|Win32
		{A2F869AC-0269-4C61-B2D0-46E4BB6B2EDD}.Debug|x64.ActiveCfg = Debug|x64
		{A2F869AC-0269-4C61-B2D0-46E4BB6B2EDD}.Debug|x64.Build.0 = Debug|x64
		{A2F869AC-0269-4C61-B2D0-46E4BB6B2EDD}.Release|Win32.ActiveCfg = Release|Win32
		{A2F869AC-0269-4C61-B2D0-46E4BB6B2EDD}.Release|Win32.Build.0 = Release|Win32
		{A2F869AC-0269-4C61-B2D0-46E4BB6B2EDD}.Release|x64.ActiveCfg = Release|x64
		{A2F869AC-0269-4C61-B2D0-46E4BB6B2EDD}.Release|x64.Build.0 = Release|x64
	EndGlobalSection
	GlobalSection(SolutionProperties) = preSolution
		HideSolutionNode = FALSE
	EndGlobalSection
EndGlobal
